// !$*UTF8*$!
{
	archiveVersion = 1;
	classes = {
	};
	objectVersion = 50;
	objects = {

/* Begin PBXBuildFile section */
		7A146B7326272A5C0057635B /* StringManager.swift in Sources */ = {isa = PBXBuildFile; fileRef = 7A146B7226272A5C0057635B /* StringManager.swift */; };
		7A146B782628717A0057635B /* FightManager.swift in Sources */ = {isa = PBXBuildFile; fileRef = 7A146B772628717A0057635B /* FightManager.swift */; };
		7A49A6B8261F2645006F48AD /* WinViewViewController.swift in Sources */ = {isa = PBXBuildFile; fileRef = 7A49A6B7261F2645006F48AD /* WinViewViewController.swift */; };
		7A57FA502613ABB200BFC780 /* AppDelegate.swift in Sources */ = {isa = PBXBuildFile; fileRef = 7A57FA4F2613ABB200BFC780 /* AppDelegate.swift */; };
		7A57FA522613ABB200BFC780 /* SceneDelegate.swift in Sources */ = {isa = PBXBuildFile; fileRef = 7A57FA512613ABB200BFC780 /* SceneDelegate.swift */; };
		7A57FA542613ABB200BFC780 /* ViewController.swift in Sources */ = {isa = PBXBuildFile; fileRef = 7A57FA532613ABB200BFC780 /* ViewController.swift */; };
		7A57FA572613ABB200BFC780 /* Main.storyboard in Resources */ = {isa = PBXBuildFile; fileRef = 7A57FA552613ABB200BFC780 /* Main.storyboard */; };
		7A57FA5A2613ABB200BFC780 /* Project3.xcdatamodeld in Sources */ = {isa = PBXBuildFile; fileRef = 7A57FA582613ABB200BFC780 /* Project3.xcdatamodeld */; };
		7A57FA5C2613ABB200BFC780 /* Assets.xcassets in Resources */ = {isa = PBXBuildFile; fileRef = 7A57FA5B2613ABB200BFC780 /* Assets.xcassets */; };
		7A57FA5F2613ABB200BFC780 /* LaunchScreen.storyboard in Resources */ = {isa = PBXBuildFile; fileRef = 7A57FA5D2613ABB200BFC780 /* LaunchScreen.storyboard */; };
		7A57FA6F2613B47E00BFC780 /* createPlayer1ViewController.swift in Sources */ = {isa = PBXBuildFile; fileRef = 7A57FA6E2613B47E00BFC780 /* createPlayer1ViewController.swift */; };
		7A57FA722613B67100BFC780 /* CharacterTableViewCell.swift in Sources */ = {isa = PBXBuildFile; fileRef = 7A57FA712613B67100BFC780 /* CharacterTableViewCell.swift */; };
		7A5FA457262F10A500519843 /* Elf.swift in Sources */ = {isa = PBXBuildFile; fileRef = 7A5FA456262F10A500519843 /* Elf.swift */; };
		7A5FA45A262F12B000519843 /* Dwarf.swift in Sources */ = {isa = PBXBuildFile; fileRef = 7A5FA459262F12B000519843 /* Dwarf.swift */; };
		7A5FA45D262F12F800519843 /* Human.swift in Sources */ = {isa = PBXBuildFile; fileRef = 7A5FA45C262F12F800519843 /* Human.swift */; };
		7A5FA460262F130200519843 /* Wizzard.swift in Sources */ = {isa = PBXBuildFile; fileRef = 7A5FA45F262F130200519843 /* Wizzard.swift */; };
		7A5FA469262F197400519843 /* BaseBow.swift in Sources */ = {isa = PBXBuildFile; fileRef = 7A5FA468262F197400519843 /* BaseBow.swift */; };
		7A5FA46D262F1A0100519843 /* StrongBow.swift in Sources */ = {isa = PBXBuildFile; fileRef = 7A5FA46C262F1A0100519843 /* StrongBow.swift */; };
		7A5FA470262F1A2700519843 /* HealBow.swift in Sources */ = {isa = PBXBuildFile; fileRef = 7A5FA46F262F1A2700519843 /* HealBow.swift */; };
		7A5FA473262F1AD100519843 /* BaseAxe.swift in Sources */ = {isa = PBXBuildFile; fileRef = 7A5FA472262F1AD100519843 /* BaseAxe.swift */; };
		7A5FA477262F1B2000519843 /* StrongAxe.swift in Sources */ = {isa = PBXBuildFile; fileRef = 7A5FA476262F1B2000519843 /* StrongAxe.swift */; };
		7A5FA47B262F1B4F00519843 /* HealAxe.swift in Sources */ = {isa = PBXBuildFile; fileRef = 7A5FA47A262F1B4F00519843 /* HealAxe.swift */; };
		7A5FA47E262F1D6A00519843 /* BaseSword.swift in Sources */ = {isa = PBXBuildFile; fileRef = 7A5FA47D262F1D6A00519843 /* BaseSword.swift */; };
		7A5FA481262F1D7600519843 /* BaseStick.swift in Sources */ = {isa = PBXBuildFile; fileRef = 7A5FA480262F1D7600519843 /* BaseStick.swift */; };
		7A5FA484262F3B5400519843 /* StrongStick.swift in Sources */ = {isa = PBXBuildFile; fileRef = 7A5FA483262F3B5400519843 /* StrongStick.swift */; };
		7A5FA488262F3B6300519843 /* StrongSword.swift in Sources */ = {isa = PBXBuildFile; fileRef = 7A5FA487262F3B6300519843 /* StrongSword.swift */; };
		7A5FA48B262F3B7000519843 /* HealSick.swift in Sources */ = {isa = PBXBuildFile; fileRef = 7A5FA48A262F3B7000519843 /* HealSick.swift */; };
		7A5FA48E262F3B8100519843 /* HealSword.swift in Sources */ = {isa = PBXBuildFile; fileRef = 7A5FA48D262F3B8100519843 /* HealSword.swift */; };
		7A6B779F26149DE100565F71 /* Player.swift in Sources */ = {isa = PBXBuildFile; fileRef = 7A6B779E26149DE000565F71 /* Player.swift */; };
		7A6B77A226149DED00565F71 /* Character.swift in Sources */ = {isa = PBXBuildFile; fileRef = 7A6B77A126149DED00565F71 /* Character.swift */; };
		7A6B77A526149DF700565F71 /* Weapon.swift in Sources */ = {isa = PBXBuildFile; fileRef = 7A6B77A426149DF700565F71 /* Weapon.swift */; };
		7A6B77A826149EE600565F71 /* Race.swift in Sources */ = {isa = PBXBuildFile; fileRef = 7A6B77A726149EE600565F71 /* Race.swift */; };
		7A6B77AB2614E38600565F71 /* createPlayer2ViewController.swift in Sources */ = {isa = PBXBuildFile; fileRef = 7A6B77AA2614E38600565F71 /* createPlayer2ViewController.swift */; };
		7A6B77B02615F60400565F71 /* Character2TableViewCell.swift in Sources */ = {isa = PBXBuildFile; fileRef = 7A6B77AF2615F60400565F71 /* Character2TableViewCell.swift */; };
		7A6B77B52615FA1000565F71 /* FightViewController.swift in Sources */ = {isa = PBXBuildFile; fileRef = 7A6B77B42615FA1000565F71 /* FightViewController.swift */; };
		7A6B77BA2617158E00565F71 /* Game.swift in Sources */ = {isa = PBXBuildFile; fileRef = 7A6B77B92617158E00565F71 /* Game.swift */; };
		7A71A64E26298A2400472FE2 /* NavigationController.swift in Sources */ = {isa = PBXBuildFile; fileRef = 7A71A64D26298A2400472FE2 /* NavigationController.swift */; };
/* End PBXBuildFile section */

/* Begin PBXFileReference section */
		7A146B7226272A5C0057635B /* StringManager.swift */ = {isa = PBXFileReference; lastKnownFileType = sourcecode.swift; path = StringManager.swift; sourceTree = "<group>"; };
		7A146B772628717A0057635B /* FightManager.swift */ = {isa = PBXFileReference; lastKnownFileType = sourcecode.swift; path = FightManager.swift; sourceTree = "<group>"; };
		7A49A6B7261F2645006F48AD /* WinViewViewController.swift */ = {isa = PBXFileReference; lastKnownFileType = sourcecode.swift; path = WinViewViewController.swift; sourceTree = "<group>"; };
		7A57FA4C2613ABB200BFC780 /* Project3.app */ = {isa = PBXFileReference; explicitFileType = wrapper.application; includeInIndex = 0; path = Project3.app; sourceTree = BUILT_PRODUCTS_DIR; };
		7A57FA4F2613ABB200BFC780 /* AppDelegate.swift */ = {isa = PBXFileReference; lastKnownFileType = sourcecode.swift; path = AppDelegate.swift; sourceTree = "<group>"; };
		7A57FA512613ABB200BFC780 /* SceneDelegate.swift */ = {isa = PBXFileReference; lastKnownFileType = sourcecode.swift; path = SceneDelegate.swift; sourceTree = "<group>"; };
		7A57FA532613ABB200BFC780 /* ViewController.swift */ = {isa = PBXFileReference; lastKnownFileType = sourcecode.swift; path = ViewController.swift; sourceTree = "<group>"; };
		7A57FA562613ABB200BFC780 /* Base */ = {isa = PBXFileReference; lastKnownFileType = file.storyboard; name = Base; path = Base.lproj/Main.storyboard; sourceTree = "<group>"; };
		7A57FA592613ABB200BFC780 /* Project3.xcdatamodel */ = {isa = PBXFileReference; lastKnownFileType = wrapper.xcdatamodel; path = Project3.xcdatamodel; sourceTree = "<group>"; };
		7A57FA5B2613ABB200BFC780 /* Assets.xcassets */ = {isa = PBXFileReference; lastKnownFileType = folder.assetcatalog; path = Assets.xcassets; sourceTree = "<group>"; };
		7A57FA5E2613ABB200BFC780 /* Base */ = {isa = PBXFileReference; lastKnownFileType = file.storyboard; name = Base; path = Base.lproj/LaunchScreen.storyboard; sourceTree = "<group>"; };
		7A57FA602613ABB200BFC780 /* Info.plist */ = {isa = PBXFileReference; lastKnownFileType = text.plist.xml; path = Info.plist; sourceTree = "<group>"; };
		7A57FA6E2613B47E00BFC780 /* createPlayer1ViewController.swift */ = {isa = PBXFileReference; lastKnownFileType = sourcecode.swift; path = createPlayer1ViewController.swift; sourceTree = "<group>"; };
		7A57FA712613B67100BFC780 /* CharacterTableViewCell.swift */ = {isa = PBXFileReference; lastKnownFileType = sourcecode.swift; path = CharacterTableViewCell.swift; sourceTree = "<group>"; };
		7A5FA456262F10A500519843 /* Elf.swift */ = {isa = PBXFileReference; lastKnownFileType = sourcecode.swift; path = Elf.swift; sourceTree = "<group>"; };
		7A5FA459262F12B000519843 /* Dwarf.swift */ = {isa = PBXFileReference; lastKnownFileType = sourcecode.swift; path = Dwarf.swift; sourceTree = "<group>"; };
		7A5FA45C262F12F800519843 /* Human.swift */ = {isa = PBXFileReference; lastKnownFileType = sourcecode.swift; path = Human.swift; sourceTree = "<group>"; };
		7A5FA45F262F130200519843 /* Wizzard.swift */ = {isa = PBXFileReference; lastKnownFileType = sourcecode.swift; path = Wizzard.swift; sourceTree = "<group>"; };
		7A5FA468262F197400519843 /* BaseBow.swift */ = {isa = PBXFileReference; lastKnownFileType = sourcecode.swift; path = BaseBow.swift; sourceTree = "<group>"; };
		7A5FA46C262F1A0100519843 /* StrongBow.swift */ = {isa = PBXFileReference; lastKnownFileType = sourcecode.swift; path = StrongBow.swift; sourceTree = "<group>"; };
		7A5FA46F262F1A2700519843 /* HealBow.swift */ = {isa = PBXFileReference; lastKnownFileType = sourcecode.swift; path = HealBow.swift; sourceTree = "<group>"; };
		7A5FA472262F1AD100519843 /* BaseAxe.swift */ = {isa = PBXFileReference; lastKnownFileType = sourcecode.swift; path = BaseAxe.swift; sourceTree = "<group>"; };
		7A5FA476262F1B2000519843 /* StrongAxe.swift */ = {isa = PBXFileReference; lastKnownFileType = sourcecode.swift; path = StrongAxe.swift; sourceTree = "<group>"; };
		7A5FA47A262F1B4F00519843 /* HealAxe.swift */ = {isa = PBXFileReference; lastKnownFileType = sourcecode.swift; path = HealAxe.swift; sourceTree = "<group>"; };
		7A5FA47D262F1D6A00519843 /* BaseSword.swift */ = {isa = PBXFileReference; lastKnownFileType = sourcecode.swift; path = BaseSword.swift; sourceTree = "<group>"; };
		7A5FA480262F1D7600519843 /* BaseStick.swift */ = {isa = PBXFileReference; lastKnownFileType = sourcecode.swift; path = BaseStick.swift; sourceTree = "<group>"; };
		7A5FA483262F3B5400519843 /* StrongStick.swift */ = {isa = PBXFileReference; lastKnownFileType = sourcecode.swift; path = StrongStick.swift; sourceTree = "<group>"; };
		7A5FA487262F3B6300519843 /* StrongSword.swift */ = {isa = PBXFileReference; lastKnownFileType = sourcecode.swift; path = StrongSword.swift; sourceTree = "<group>"; };
		7A5FA48A262F3B7000519843 /* HealSick.swift */ = {isa = PBXFileReference; lastKnownFileType = sourcecode.swift; path = HealSick.swift; sourceTree = "<group>"; };
		7A5FA48D262F3B8100519843 /* HealSword.swift */ = {isa = PBXFileReference; lastKnownFileType = sourcecode.swift; path = HealSword.swift; sourceTree = "<group>"; };
		7A6B779E26149DE000565F71 /* Player.swift */ = {isa = PBXFileReference; lastKnownFileType = sourcecode.swift; path = Player.swift; sourceTree = "<group>"; };
		7A6B77A126149DED00565F71 /* Character.swift */ = {isa = PBXFileReference; lastKnownFileType = sourcecode.swift; path = Character.swift; sourceTree = "<group>"; };
		7A6B77A426149DF700565F71 /* Weapon.swift */ = {isa = PBXFileReference; lastKnownFileType = sourcecode.swift; path = Weapon.swift; sourceTree = "<group>"; };
		7A6B77A726149EE600565F71 /* Race.swift */ = {isa = PBXFileReference; lastKnownFileType = sourcecode.swift; path = Race.swift; sourceTree = "<group>"; };
		7A6B77AA2614E38600565F71 /* createPlayer2ViewController.swift */ = {isa = PBXFileReference; lastKnownFileType = sourcecode.swift; path = createPlayer2ViewController.swift; sourceTree = "<group>"; };
		7A6B77AF2615F60400565F71 /* Character2TableViewCell.swift */ = {isa = PBXFileReference; lastKnownFileType = sourcecode.swift; path = Character2TableViewCell.swift; sourceTree = "<group>"; };
		7A6B77B42615FA1000565F71 /* FightViewController.swift */ = {isa = PBXFileReference; lastKnownFileType = sourcecode.swift; path = FightViewController.swift; sourceTree = "<group>"; };
		7A6B77B92617158E00565F71 /* Game.swift */ = {isa = PBXFileReference; lastKnownFileType = sourcecode.swift; path = Game.swift; sourceTree = "<group>"; };
		7A71A64D26298A2400472FE2 /* NavigationController.swift */ = {isa = PBXFileReference; lastKnownFileType = sourcecode.swift; path = NavigationController.swift; sourceTree = "<group>"; };
/* End PBXFileReference section */

/* Begin PBXFrameworksBuildPhase section */
		7A57FA492613ABB200BFC780 /* Frameworks */ = {
			isa = PBXFrameworksBuildPhase;
			buildActionMask = 2147483647;
			files = (
			);
			runOnlyForDeploymentPostprocessing = 0;
		};
/* End PBXFrameworksBuildPhase section */

/* Begin PBXGroup section */
		7A57FA432613ABB200BFC780 = {
			isa = PBXGroup;
			children = (
				7A57FA4E2613ABB200BFC780 /* Project3 */,
				7A57FA4D2613ABB200BFC780 /* Products */,
			);
			sourceTree = "<group>";
		};
		7A57FA4D2613ABB200BFC780 /* Products */ = {
			isa = PBXGroup;
			children = (
				7A57FA4C2613ABB200BFC780 /* Project3.app */,
			);
			name = Products;
			sourceTree = "<group>";
		};
		7A57FA4E2613ABB200BFC780 /* Project3 */ = {
			isa = PBXGroup;
			children = (
				7A57FA6C2613ACF900BFC780 /* Controller */,
				7A57FA6B2613ACE900BFC780 /* View */,
				7A57FA6A2613ACCF00BFC780 /* Model */,
				7ACE6B54263479CE00C3AA25 /* Supporting Files */,
			);
			path = Project3;
			sourceTree = "<group>";
		};
		7A57FA6A2613ACCF00BFC780 /* Model */ = {
			isa = PBXGroup;
			children = (
				7A5FA492262F3CF900519843 /* Races */,
				7A5FA490262F3CD400519843 /* Weapons */,
				7A6B77B92617158E00565F71 /* Game.swift */,
				7A6B77A126149DED00565F71 /* Character.swift */,
				7A6B779E26149DE000565F71 /* Player.swift */,
				7A146B7226272A5C0057635B /* StringManager.swift */,
				7A146B772628717A0057635B /* FightManager.swift */,
			);
			path = Model;
			sourceTree = "<group>";
		};
		7A57FA6B2613ACE900BFC780 /* View */ = {
			isa = PBXGroup;
			children = (
				7A57FA5D2613ABB200BFC780 /* LaunchScreen.storyboard */,
				7A57FA712613B67100BFC780 /* CharacterTableViewCell.swift */,
				7A57FA552613ABB200BFC780 /* Main.storyboard */,
				7A6B77AF2615F60400565F71 /* Character2TableViewCell.swift */,
			);
			path = View;
			sourceTree = "<group>";
		};
		7A57FA6C2613ACF900BFC780 /* Controller */ = {
			isa = PBXGroup;
			children = (
				7A57FA532613ABB200BFC780 /* ViewController.swift */,
				7A49A6B7261F2645006F48AD /* WinViewViewController.swift */,
				7A71A64D26298A2400472FE2 /* NavigationController.swift */,
				7A57FA6E2613B47E00BFC780 /* createPlayer1ViewController.swift */,
				7A6B77AA2614E38600565F71 /* createPlayer2ViewController.swift */,
				7A6B77B42615FA1000565F71 /* FightViewController.swift */,
			);
			path = Controller;
			sourceTree = "<group>";
		};
		7A5FA490262F3CD400519843 /* Weapons */ = {
			isa = PBXGroup;
			children = (
				7A6B77A426149DF700565F71 /* Weapon.swift */,
				7A5FA468262F197400519843 /* BaseBow.swift */,
				7A5FA472262F1AD100519843 /* BaseAxe.swift */,
				7A5FA47D262F1D6A00519843 /* BaseSword.swift */,
				7A5FA480262F1D7600519843 /* BaseStick.swift */,
				7A5FA46C262F1A0100519843 /* StrongBow.swift */,
				7A5FA476262F1B2000519843 /* StrongAxe.swift */,
				7A5FA483262F3B5400519843 /* StrongStick.swift */,
				7A5FA487262F3B6300519843 /* StrongSword.swift */,
				7A5FA46F262F1A2700519843 /* HealBow.swift */,
				7A5FA48A262F3B7000519843 /* HealSick.swift */,
				7A5FA48D262F3B8100519843 /* HealSword.swift */,
				7A5FA47A262F1B4F00519843 /* HealAxe.swift */,
			);
			name = Weapons;
			sourceTree = "<group>";
		};
		7A5FA492262F3CF900519843 /* Races */ = {
			isa = PBXGroup;
			children = (
				7A6B77A726149EE600565F71 /* Race.swift */,
				7A5FA45C262F12F800519843 /* Human.swift */,
				7A5FA45F262F130200519843 /* Wizzard.swift */,
				7A5FA459262F12B000519843 /* Dwarf.swift */,
				7A5FA456262F10A500519843 /* Elf.swift */,
			);
			path = Races;
			sourceTree = "<group>";
		};
		7ACE6B54263479CE00C3AA25 /* Supporting Files */ = {
			isa = PBXGroup;
			children = (
				7A57FA5B2613ABB200BFC780 /* Assets.xcassets */,
				7A57FA4F2613ABB200BFC780 /* AppDelegate.swift */,
				7A57FA512613ABB200BFC780 /* SceneDelegate.swift */,
				7A57FA602613ABB200BFC780 /* Info.plist */,
				7A57FA582613ABB200BFC780 /* Project3.xcdatamodeld */,
			);
			name = "Supporting Files";
			sourceTree = "<group>";
		};
/* End PBXGroup section */

/* Begin PBXNativeTarget section */
		7A57FA4B2613ABB200BFC780 /* Project3 */ = {
			isa = PBXNativeTarget;
			buildConfigurationList = 7A57FA632613ABB200BFC780 /* Build configuration list for PBXNativeTarget "Project3" */;
			buildPhases = (
				7A57FA482613ABB200BFC780 /* Sources */,
				7A57FA492613ABB200BFC780 /* Frameworks */,
				7A57FA4A2613ABB200BFC780 /* Resources */,
				7A150857262D7A3A00F5103F /* ShellScript */,
			);
			buildRules = (
			);
			dependencies = (
			);
			name = Project3;
			productName = Project3;
			productReference = 7A57FA4C2613ABB200BFC780 /* Project3.app */;
			productType = "com.apple.product-type.application";
		};
/* End PBXNativeTarget section */

/* Begin PBXProject section */
		7A57FA442613ABB200BFC780 /* Project object */ = {
			isa = PBXProject;
			attributes = {
				LastSwiftUpdateCheck = 1240;
				LastUpgradeCheck = 1240;
				TargetAttributes = {
					7A57FA4B2613ABB200BFC780 = {
						CreatedOnToolsVersion = 12.4;
					};
				};
			};
			buildConfigurationList = 7A57FA472613ABB200BFC780 /* Build configuration list for PBXProject "Project3" */;
			compatibilityVersion = "Xcode 9.3";
			developmentRegion = en;
			hasScannedForEncodings = 0;
			knownRegions = (
				en,
				Base,
			);
			mainGroup = 7A57FA432613ABB200BFC780;
			productRefGroup = 7A57FA4D2613ABB200BFC780 /* Products */;
			projectDirPath = "";
			projectRoot = "";
			targets = (
				7A57FA4B2613ABB200BFC780 /* Project3 */,
			);
		};
/* End PBXProject section */

/* Begin PBXResourcesBuildPhase section */
		7A57FA4A2613ABB200BFC780 /* Resources */ = {
			isa = PBXResourcesBuildPhase;
			buildActionMask = 2147483647;
			files = (
				7A57FA5F2613ABB200BFC780 /* LaunchScreen.storyboard in Resources */,
				7A57FA5C2613ABB200BFC780 /* Assets.xcassets in Resources */,
				7A57FA572613ABB200BFC780 /* Main.storyboard in Resources */,
			);
			runOnlyForDeploymentPostprocessing = 0;
		};
/* End PBXResourcesBuildPhase section */

/* Begin PBXShellScriptBuildPhase section */
		7A150857262D7A3A00F5103F /* ShellScript */ = {
			isa = PBXShellScriptBuildPhase;
			buildActionMask = 2147483647;
			files = (
			);
			inputFileListPaths = (
			);
			inputPaths = (
			);
			outputFileListPaths = (
			);
			outputPaths = (
			);
			runOnlyForDeploymentPostprocessing = 0;
			shellPath = /bin/sh;
			shellScript = "if which swiftlint >/dev/null; then\n  swiftlint\nelse\n  echo \"warning: SwiftLint not installed, download from https://github.com/realm/SwiftLint\"\nfi\n";
		};
/* End PBXShellScriptBuildPhase section */

/* Begin PBXSourcesBuildPhase section */
		7A57FA482613ABB200BFC780 /* Sources */ = {
			isa = PBXSourcesBuildPhase;
			buildActionMask = 2147483647;
			files = (
				7A146B782628717A0057635B /* FightManager.swift in Sources */,
				7A5FA45D262F12F800519843 /* Human.swift in Sources */,
				7A6B77B02615F60400565F71 /* Character2TableViewCell.swift in Sources */,
				7A5FA48E262F3B8100519843 /* HealSword.swift in Sources */,
				7A5FA45A262F12B000519843 /* Dwarf.swift in Sources */,
				7A5FA469262F197400519843 /* BaseBow.swift in Sources */,
				7A6B77BA2617158E00565F71 /* Game.swift in Sources */,
				7A6B77A826149EE600565F71 /* Race.swift in Sources */,
				7A5FA473262F1AD100519843 /* BaseAxe.swift in Sources */,
				7A5FA46D262F1A0100519843 /* StrongBow.swift in Sources */,
				7A5FA481262F1D7600519843 /* BaseStick.swift in Sources */,
				7A5FA470262F1A2700519843 /* HealBow.swift in Sources */,
				7A6B77A226149DED00565F71 /* Character.swift in Sources */,
				7A6B77AB2614E38600565F71 /* createPlayer2ViewController.swift in Sources */,
				7A5FA47B262F1B4F00519843 /* HealAxe.swift in Sources */,
				7A57FA722613B67100BFC780 /* CharacterTableViewCell.swift in Sources */,
				7A5FA47E262F1D6A00519843 /* BaseSword.swift in Sources */,
				7A5FA460262F130200519843 /* Wizzard.swift in Sources */,
				7A5FA48B262F3B7000519843 /* HealSick.swift in Sources */,
				7A5FA477262F1B2000519843 /* StrongAxe.swift in Sources */,
				7A57FA6F2613B47E00BFC780 /* createPlayer1ViewController.swift in Sources */,
				7A57FA542613ABB200BFC780 /* ViewController.swift in Sources */,
				7A6B77A526149DF700565F71 /* Weapon.swift in Sources */,
				7A6B77B52615FA1000565F71 /* FightViewController.swift in Sources */,
				7A71A64E26298A2400472FE2 /* NavigationController.swift in Sources */,
				7A5FA457262F10A500519843 /* Elf.swift in Sources */,
				7A5FA488262F3B6300519843 /* StrongSword.swift in Sources */,
				7A6B779F26149DE100565F71 /* Player.swift in Sources */,
				7A5FA484262F3B5400519843 /* StrongStick.swift in Sources */,
				7A146B7326272A5C0057635B /* StringManager.swift in Sources */,
				7A57FA502613ABB200BFC780 /* AppDelegate.swift in Sources */,
				7A57FA522613ABB200BFC780 /* SceneDelegate.swift in Sources */,
				7A49A6B8261F2645006F48AD /* WinViewViewController.swift in Sources */,
				7A57FA5A2613ABB200BFC780 /* Project3.xcdatamodeld in Sources */,
			);
			runOnlyForDeploymentPostprocessing = 0;
		};
/* End PBXSourcesBuildPhase section */

/* Begin PBXVariantGroup section */
		7A57FA552613ABB200BFC780 /* Main.storyboard */ = {
			isa = PBXVariantGroup;
			children = (
				7A57FA562613ABB200BFC780 /* Base */,
			);
			name = Main.storyboard;
			sourceTree = "<group>";
		};
		7A57FA5D2613ABB200BFC780 /* LaunchScreen.storyboard */ = {
			isa = PBXVariantGroup;
			children = (
				7A57FA5E2613ABB200BFC780 /* Base */,
			);
			name = LaunchScreen.storyboard;
			sourceTree = "<group>";
		};
/* End PBXVariantGroup section */

/* Begin XCBuildConfiguration section */
		7A57FA612613ABB200BFC780 /* Debug */ = {
			isa = XCBuildConfiguration;
			buildSettings = {
				ALWAYS_SEARCH_USER_PATHS = NO;
				CLANG_ANALYZER_NONNULL = YES;
				CLANG_ANALYZER_NUMBER_OBJECT_CONVERSION = YES_AGGRESSIVE;
				CLANG_CXX_LANGUAGE_STANDARD = "gnu++14";
				CLANG_CXX_LIBRARY = "libc++";
				CLANG_ENABLE_MODULES = YES;
				CLANG_ENABLE_OBJC_ARC = YES;
				CLANG_ENABLE_OBJC_WEAK = YES;
				CLANG_WARN_BLOCK_CAPTURE_AUTORELEASING = YES;
				CLANG_WARN_BOOL_CONVERSION = YES;
				CLANG_WARN_COMMA = YES;
				CLANG_WARN_CONSTANT_CONVERSION = YES;
				CLANG_WARN_DEPRECATED_OBJC_IMPLEMENTATIONS = YES;
				CLANG_WARN_DIRECT_OBJC_ISA_USAGE = YES_ERROR;
				CLANG_WARN_DOCUMENTATION_COMMENTS = YES;
				CLANG_WARN_EMPTY_BODY = YES;
				CLANG_WARN_ENUM_CONVERSION = YES;
				CLANG_WARN_INFINITE_RECURSION = YES;
				CLANG_WARN_INT_CONVERSION = YES;
				CLANG_WARN_NON_LITERAL_NULL_CONVERSION = YES;
				CLANG_WARN_OBJC_IMPLICIT_RETAIN_SELF = YES;
				CLANG_WARN_OBJC_LITERAL_CONVERSION = YES;
				CLANG_WARN_OBJC_ROOT_CLASS = YES_ERROR;
				CLANG_WARN_QUOTED_INCLUDE_IN_FRAMEWORK_HEADER = YES;
				CLANG_WARN_RANGE_LOOP_ANALYSIS = YES;
				CLANG_WARN_STRICT_PROTOTYPES = YES;
				CLANG_WARN_SUSPICIOUS_MOVE = YES;
				CLANG_WARN_UNGUARDED_AVAILABILITY = YES_AGGRESSIVE;
				CLANG_WARN_UNREACHABLE_CODE = YES;
				CLANG_WARN__DUPLICATE_METHOD_MATCH = YES;
				COPY_PHASE_STRIP = NO;
				DEBUG_INFORMATION_FORMAT = dwarf;
				ENABLE_STRICT_OBJC_MSGSEND = YES;
				ENABLE_TESTABILITY = YES;
				GCC_C_LANGUAGE_STANDARD = gnu11;
				GCC_DYNAMIC_NO_PIC = NO;
				GCC_NO_COMMON_BLOCKS = YES;
				GCC_OPTIMIZATION_LEVEL = 0;
				GCC_PREPROCESSOR_DEFINITIONS = (
					"DEBUG=1",
					"$(inherited)",
				);
				GCC_WARN_64_TO_32_BIT_CONVERSION = YES;
				GCC_WARN_ABOUT_RETURN_TYPE = YES_ERROR;
				GCC_WARN_UNDECLARED_SELECTOR = YES;
				GCC_WARN_UNINITIALIZED_AUTOS = YES_AGGRESSIVE;
				GCC_WARN_UNUSED_FUNCTION = YES;
				GCC_WARN_UNUSED_VARIABLE = YES;
				IPHONEOS_DEPLOYMENT_TARGET = 14.4;
				MTL_ENABLE_DEBUG_INFO = INCLUDE_SOURCE;
				MTL_FAST_MATH = YES;
				ONLY_ACTIVE_ARCH = YES;
				SDKROOT = iphoneos;
				SWIFT_ACTIVE_COMPILATION_CONDITIONS = DEBUG;
				SWIFT_OPTIMIZATION_LEVEL = "-Onone";
			};
			name = Debug;
		};
		7A57FA622613ABB200BFC780 /* Release */ = {
			isa = XCBuildConfiguration;
			buildSettings = {
				ALWAYS_SEARCH_USER_PATHS = NO;
				CLANG_ANALYZER_NONNULL = YES;
				CLANG_ANALYZER_NUMBER_OBJECT_CONVERSION = YES_AGGRESSIVE;
				CLANG_CXX_LANGUAGE_STANDARD = "gnu++14";
				CLANG_CXX_LIBRARY = "libc++";
				CLANG_ENABLE_MODULES = YES;
				CLANG_ENABLE_OBJC_ARC = YES;
				CLANG_ENABLE_OBJC_WEAK = YES;
				CLANG_WARN_BLOCK_CAPTURE_AUTORELEASING = YES;
				CLANG_WARN_BOOL_CONVERSION = YES;
				CLANG_WARN_COMMA = YES;
				CLANG_WARN_CONSTANT_CONVERSION = YES;
				CLANG_WARN_DEPRECATED_OBJC_IMPLEMENTATIONS = YES;
				CLANG_WARN_DIRECT_OBJC_ISA_USAGE = YES_ERROR;
				CLANG_WARN_DOCUMENTATION_COMMENTS = YES;
				CLANG_WARN_EMPTY_BODY = YES;
				CLANG_WARN_ENUM_CONVERSION = YES;
				CLANG_WARN_INFINITE_RECURSION = YES;
				CLANG_WARN_INT_CONVERSION = YES;
				CLANG_WARN_NON_LITERAL_NULL_CONVERSION = YES;
				CLANG_WARN_OBJC_IMPLICIT_RETAIN_SELF = YES;
				CLANG_WARN_OBJC_LITERAL_CONVERSION = YES;
				CLANG_WARN_OBJC_ROOT_CLASS = YES_ERROR;
				CLANG_WARN_QUOTED_INCLUDE_IN_FRAMEWORK_HEADER = YES;
				CLANG_WARN_RANGE_LOOP_ANALYSIS = YES;
				CLANG_WARN_STRICT_PROTOTYPES = YES;
				CLANG_WARN_SUSPICIOUS_MOVE = YES;
				CLANG_WARN_UNGUARDED_AVAILABILITY = YES_AGGRESSIVE;
				CLANG_WARN_UNREACHABLE_CODE = YES;
				CLANG_WARN__DUPLICATE_METHOD_MATCH = YES;
				COPY_PHASE_STRIP = NO;
				DEBUG_INFORMATION_FORMAT = "dwarf-with-dsym";
				ENABLE_NS_ASSERTIONS = NO;
				ENABLE_STRICT_OBJC_MSGSEND = YES;
				GCC_C_LANGUAGE_STANDARD = gnu11;
				GCC_NO_COMMON_BLOCKS = YES;
				GCC_WARN_64_TO_32_BIT_CONVERSION = YES;
				GCC_WARN_ABOUT_RETURN_TYPE = YES_ERROR;
				GCC_WARN_UNDECLARED_SELECTOR = YES;
				GCC_WARN_UNINITIALIZED_AUTOS = YES_AGGRESSIVE;
				GCC_WARN_UNUSED_FUNCTION = YES;
				GCC_WARN_UNUSED_VARIABLE = YES;
				IPHONEOS_DEPLOYMENT_TARGET = 14.4;
				MTL_ENABLE_DEBUG_INFO = NO;
				MTL_FAST_MATH = YES;
				SDKROOT = iphoneos;
				SWIFT_COMPILATION_MODE = wholemodule;
				SWIFT_OPTIMIZATION_LEVEL = "-O";
				VALIDATE_PRODUCT = YES;
			};
			name = Release;
		};
		7A57FA642613ABB200BFC780 /* Debug */ = {
			isa = XCBuildConfiguration;
			buildSettings = {
				ASSETCATALOG_COMPILER_APPICON_NAME = AppIcon;
				ASSETCATALOG_COMPILER_GLOBAL_ACCENT_COLOR_NAME = AccentColor;
				CODE_SIGN_STYLE = Automatic;
				DEVELOPMENT_TEAM = 45CCMZA383;
				INFOPLIST_FILE = Project3/Info.plist;
				LD_RUNPATH_SEARCH_PATHS = (
					"$(inherited)",
					"@executable_path/Frameworks",
				);
				PRODUCT_BUNDLE_IDENTIFIER = fr.AdrienPEREA.Project3;
				PRODUCT_NAME = "$(TARGET_NAME)";
				SWIFT_VERSION = 5.0;
				TARGETED_DEVICE_FAMILY = 1;
			};
			name = Debug;
		};
		7A57FA652613ABB200BFC780 /* Release */ = {
			isa = XCBuildConfiguration;
			buildSettings = {
				ASSETCATALOG_COMPILER_APPICON_NAME = AppIcon;
				ASSETCATALOG_COMPILER_GLOBAL_ACCENT_COLOR_NAME = AccentColor;
				CODE_SIGN_STYLE = Automatic;
				DEVELOPMENT_TEAM = 45CCMZA383;
				INFOPLIST_FILE = Project3/Info.plist;
				LD_RUNPATH_SEARCH_PATHS = (
					"$(inherited)",
					"@executable_path/Frameworks",
				);
				PRODUCT_BUNDLE_IDENTIFIER = fr.AdrienPEREA.Project3;
				PRODUCT_NAME = "$(TARGET_NAME)";
				SWIFT_VERSION = 5.0;
				TARGETED_DEVICE_FAMILY = 1;
			};
			name = Release;
		};
/* End XCBuildConfiguration section */

/* Begin XCConfigurationList section */
		7A57FA472613ABB200BFC780 /* Build configuration list for PBXProject "Project3" */ = {
			isa = XCConfigurationList;
			buildConfigurations = (
				7A57FA612613ABB200BFC780 /* Debug */,
				7A57FA622613ABB200BFC780 /* Release */,
			);
			defaultConfigurationIsVisible = 0;
			defaultConfigurationName = Release;
		};
		7A57FA632613ABB200BFC780 /* Build configuration list for PBXNativeTarget "Project3" */ = {
			isa = XCConfigurationList;
			buildConfigurations = (
				7A57FA642613ABB200BFC780 /* Debug */,
				7A57FA652613ABB200BFC780 /* Release */,
			);
			defaultConfigurationIsVisible = 0;
			defaultConfigurationName = Release;
		};
/* End XCConfigurationList section */

/* Begin XCVersionGroup section */
		7A57FA582613ABB200BFC780 /* Project3.xcdatamodeld */ = {
			isa = XCVersionGroup;
			children = (
				7A57FA592613ABB200BFC780 /* Project3.xcdatamodel */,
			);
			currentVersion = 7A57FA592613ABB200BFC780 /* Project3.xcdatamodel */;
			path = Project3.xcdatamodeld;
			sourceTree = "<group>";
			versionGroupType = wrapper.xcdatamodel;
		};
/* End XCVersionGroup section */
	};
	rootObject = 7A57FA442613ABB200BFC780 /* Project object */;
}
